
Microsoft Visual Studio Solution File, Format Version 12.00
# Visual Studio Version 17
VisualStudioVersion = 17.8.34330.188
MinimumVisualStudioVersion = 10.0.40219.1
Project("{FAE04EC0-301F-11D3-BF4B-00C04F79EFBC}") = "WpfApp", "WpfApp\WpfApp.csproj", "{C8111501-571E-46FB-9846-814590236066}"
EndProject
Global
	GlobalSection(SolutionConfigurationPlatforms) = preSolution
		Debug|Any CPU = Debug|Any CPU
		Release|Any CPU = Release|Any CPU
	EndGlobalSection
	GlobalSection(ProjectConfigurationPlatforms) = postSolution
		{C8111501-571E-46FB-9846-814590236066}.Debug|Any CPU.ActiveCfg = Debug|Any CPU
		{C8111501-571E-46FB-9846-814590236066}.Debug|Any CPU.Build.0 = Debug|Any CPU
		{C8111501-571E-46FB-9846-814590236066}.Release|Any CPU.ActiveCfg = Release|Any CPU
		{C8111501-571E-46FB-9846-814590236066}.Release|Any CPU.Build.0 = Release|Any CPU
	EndGlobalSection
	GlobalSection(SolutionProperties) = preSolution
		HideSolutionNode = FALSE
	EndGlobalSection
	GlobalSection(ExtensibilityGlobals) = postSolution
		SolutionGuid = {F0F381D6-CB13-4831-8D16-3B9DE6CB7EF1}
	EndGlobalSection
EndGlobal
